
Microsoft Visual Studio Solution File, Format Version 12.00
# Visual Studio 15
Project("{FAE04EC0-301F-11D3-BF4B-00C04F79EFBC}") = "Assembly-CSharp", "Assembly-CSharp.csproj", "{8DA0626E-BBF7-EE78-140A-345688308F60}"
EndProject
Project("{FAE04EC0-301F-11D3-BF4B-00C04F79EFBC}") = "Assembly-CSharp-firstpass", "Assembly-CSharp-firstpass.csproj", "{5A8377B2-1C28-CD42-EEC9-48A34E8F2B9A}"
EndProject
Project("{FAE04EC0-301F-11D3-BF4B-00C04F79EFBC}") = "Assembly-CSharp-Editor-firstpass", "Assembly-CSharp-Editor-firstpass.csproj", "{78453B2C-E20B-237D-DB40-45A9F0ED339E}"
EndProject
Global
	GlobalSection(SolutionConfigurationPlatforms) = preSolution
		Debug|Any CPU = Debug|Any CPU
		Release|Any CPU = Release|Any CPU
	EndGlobalSection
	GlobalSection(ProjectConfigurationPlatforms) = postSolution
		{8DA0626E-BBF7-EE78-140A-345688308F60}.Debug|Any CPU.ActiveCfg = Debug|Any CPU
		{8DA0626E-BBF7-EE78-140A-345688308F60}.Debug|Any CPU.Build.0 = Debug|Any CPU
		{8DA0626E-BBF7-EE78-140A-345688308F60}.Release|Any CPU.ActiveCfg = Release|Any CPU
		{8DA0626E-BBF7-EE78-140A-345688308F60}.Release|Any CPU.Build.0 = Release|Any CPU
		{5A8377B2-1C28-CD42-EEC9-48A34E8F2B9A}.Debug|Any CPU.ActiveCfg = Debug|Any CPU
		{5A8377B2-1C28-CD42-EEC9-48A34E8F2B9A}.Debug|Any CPU.Build.0 = Debug|Any CPU
		{5A8377B2-1C28-CD42-EEC9-48A34E8F2B9A}.Release|Any CPU.ActiveCfg = Release|Any CPU
		{5A8377B2-1C28-CD42-EEC9-48A34E8F2B9A}.Release|Any CPU.Build.0 = Release|Any CPU
		{78453B2C-E20B-237D-DB40-45A9F0ED339E}.Debug|Any CPU.ActiveCfg = Debug|Any CPU
		{78453B2C-E20B-237D-DB40-45A9F0ED339E}.Debug|Any CPU.Build.0 = Debug|Any CPU
		{78453B2C-E20B-237D-DB40-45A9F0ED339E}.Release|Any CPU.ActiveCfg = Release|Any CPU
		{78453B2C-E20B-237D-DB40-45A9F0ED339E}.Release|Any CPU.Build.0 = Release|Any CPU
	EndGlobalSection
	GlobalSection(SolutionProperties) = preSolution
		HideSolutionNode = FALSE
	EndGlobalSection
EndGlobal
